
Microsoft Visual Studio Solution File, Format Version 12.00
# Visual Studio 14
VisualStudioVersion = 14.0.24720.0
MinimumVisualStudioVersion = 10.0.40219.1
Project("{8BC9CEB8-8B4A-11D0-8D11-00A0C91BC942}") = "TankBattle-client", "TankBattle-client\TankBattle-client.vcxproj", "{B7D61F75-B2B1-48E8-8323-1F613FB0573C}"
EndProject
Project("{FAE04EC0-301F-11D3-BF4B-00C04F79EFBC}") = "TankBattle-server", "TankBattle-server\TankBattle-server.csproj", "{867B8F21-44D7-4778-9848-AC01BC710057}"
EndProject
Global
	GlobalSection(SolutionConfigurationPlatforms) = preSolution
		Debug|Any CPU = Debug|Any CPU
		Debug|x64 = Debug|x64
		Debug|x86 = Debug|x86
		Release|Any CPU = Release|Any CPU
		Release|x64 = Release|x64
		Release|x86 = Release|x86
	EndGlobalSection
	GlobalSection(ProjectConfigurationPlatforms) = postSolution
		{B7D61F75-B2B1-48E8-8323-1F613FB0573C}.Debug|Any CPU.ActiveCfg = Debug|Win32
		{B7D61F75-B2B1-48E8-8323-1F613FB0573C}.Debug|x64.ActiveCfg = Debug|x64
		{B7D61F75-B2B1-48E8-8323-1F613FB0573C}.Debug|x64.Build.0 = Debug|x64
		{B7D61F75-B2B1-48E8-8323-1F613FB0573C}.Debug|x86.ActiveCfg = Debug|Win32
		{B7D61F75-B2B1-48E8-8323-1F613FB0573C}.Debug|x86.Build.0 = Debug|Win32
		{B7D61F75-B2B1-48E8-8323-1F613FB0573C}.Release|Any CPU.ActiveCfg = Release|Win32
		{B7D61F75-B2B1-48E8-8323-1F613FB0573C}.Release|x64.ActiveCfg = Release|x64
		{B7D61F75-B2B1-48E8-8323-1F613FB0573C}.Release|x64.Build.0 = Release|x64
		{B7D61F75-B2B1-48E8-8323-1F613FB0573C}.Release|x86.ActiveCfg = Release|Win32
		{B7D61F75-B2B1-48E8-8323-1F613FB0573C}.Release|x86.Build.0 = Release|Win32
		{867B8F21-44D7-4778-9848-AC01BC710057}.Debug|Any CPU.ActiveCfg = Debug|Any CPU
		{867B8F21-44D7-4778-9848-AC01BC710057}.Debug|Any CPU.Build.0 = Debug|Any CPU
		{867B8F21-44D7-4778-9848-AC01BC710057}.Debug|x64.ActiveCfg = Debug|Any CPU
		{867B8F21-44D7-4778-9848-AC01BC710057}.Debug|x64.Build.0 = Debug|Any CPU
		{867B8F21-44D7-4778-9848-AC01BC710057}.Debug|x86.ActiveCfg = Debug|Any CPU
		{867B8F21-44D7-4778-9848-AC01BC710057}.Debug|x86.Build.0 = Debug|Any CPU
		{867B8F21-44D7-4778-9848-AC01BC710057}.Release|Any CPU.ActiveCfg = Release|Any CPU
		{867B8F21-44D7-4778-9848-AC01BC710057}.Release|Any CPU.Build.0 = Release|Any CPU
		{867B8F21-44D7-4778-9848-AC01BC710057}.Release|x64.ActiveCfg = Release|Any CPU
		{867B8F21-44D7-4778-9848-AC01BC710057}.Release|x64.Build.0 = Release|Any CPU
		{867B8F21-44D7-4778-9848-AC01BC710057}.Release|x86.ActiveCfg = Release|Any CPU
		{867B8F21-44D7-4778-9848-AC01BC710057}.Release|x86.Build.0 = Release|Any CPU
	EndGlobalSection
	GlobalSection(SolutionProperties) = preSolution
		HideSolutionNode = FALSE
	EndGlobalSection
EndGlobal
