
Microsoft Visual Studio Solution File, Format Version 12.00
# Visual Studio 14
VisualStudioVersion = 14.0.24720.0
MinimumVisualStudioVersion = 10.0.40219.1
Project("{FAE04EC0-301F-11D3-BF4B-00C04F79EFBC}") = "TankBattle-server", "TankBattle-server\TankBattle-server.csproj", "{867B8F21-44D7-4778-9848-AC01BC710057}"
EndProject
Project("{8BC9CEB8-8B4A-11D0-8D11-00A0C91BC942}") = "TankBattle-client-dyad-sfw", "TankBattle-client-dyad-sfw\TankBattle-client-dyad-sfw.vcxproj", "{E9EED422-7049-4C27-9539-B426DC98230F}"
	ProjectSection(ProjectDependencies) = postProject
		{9DEAD430-4754-40D1-ABBB-4D28373985B3} = {9DEAD430-4754-40D1-ABBB-4D28373985B3}
	EndProjectSection
EndProject
Project("{8BC9CEB8-8B4A-11D0-8D11-00A0C91BC942}") = "TankBattle-net", "TankBattle-net\TankBattle-net.vcxproj", "{9DEAD430-4754-40D1-ABBB-4D28373985B3}"
EndProject
Global
	GlobalSection(SolutionConfigurationPlatforms) = preSolution
		Debug|Any CPU = Debug|Any CPU
		Debug|x64 = Debug|x64
		Debug|x86 = Debug|x86
		Release|Any CPU = Release|Any CPU
		Release|x64 = Release|x64
		Release|x86 = Release|x86
	EndGlobalSection
	GlobalSection(ProjectConfigurationPlatforms) = postSolution
		{867B8F21-44D7-4778-9848-AC01BC710057}.Debug|Any CPU.ActiveCfg = Debug|Any CPU
		{867B8F21-44D7-4778-9848-AC01BC710057}.Debug|Any CPU.Build.0 = Debug|Any CPU
		{867B8F21-44D7-4778-9848-AC01BC710057}.Debug|x64.ActiveCfg = Debug|Any CPU
		{867B8F21-44D7-4778-9848-AC01BC710057}.Debug|x64.Build.0 = Debug|Any CPU
		{867B8F21-44D7-4778-9848-AC01BC710057}.Debug|x86.ActiveCfg = Debug|Any CPU
		{867B8F21-44D7-4778-9848-AC01BC710057}.Debug|x86.Build.0 = Debug|Any CPU
		{867B8F21-44D7-4778-9848-AC01BC710057}.Release|Any CPU.ActiveCfg = Release|Any CPU
		{867B8F21-44D7-4778-9848-AC01BC710057}.Release|Any CPU.Build.0 = Release|Any CPU
		{867B8F21-44D7-4778-9848-AC01BC710057}.Release|x64.ActiveCfg = Release|Any CPU
		{867B8F21-44D7-4778-9848-AC01BC710057}.Release|x64.Build.0 = Release|Any CPU
		{867B8F21-44D7-4778-9848-AC01BC710057}.Release|x86.ActiveCfg = Release|Any CPU
		{867B8F21-44D7-4778-9848-AC01BC710057}.Release|x86.Build.0 = Release|Any CPU
		{E9EED422-7049-4C27-9539-B426DC98230F}.Debug|Any CPU.ActiveCfg = Debug|Win32
		{E9EED422-7049-4C27-9539-B426DC98230F}.Debug|Any CPU.Build.0 = Debug|Win32
		{E9EED422-7049-4C27-9539-B426DC98230F}.Debug|x64.ActiveCfg = Debug|x64
		{E9EED422-7049-4C27-9539-B426DC98230F}.Debug|x64.Build.0 = Debug|x64
		{E9EED422-7049-4C27-9539-B426DC98230F}.Debug|x86.ActiveCfg = Debug|Win32
		{E9EED422-7049-4C27-9539-B426DC98230F}.Debug|x86.Build.0 = Debug|Win32
		{E9EED422-7049-4C27-9539-B426DC98230F}.Release|Any CPU.ActiveCfg = Release|Win32
		{E9EED422-7049-4C27-9539-B426DC98230F}.Release|Any CPU.Build.0 = Release|Win32
		{E9EED422-7049-4C27-9539-B426DC98230F}.Release|x64.ActiveCfg = Release|x64
		{E9EED422-7049-4C27-9539-B426DC98230F}.Release|x64.Build.0 = Release|x64
		{E9EED422-7049-4C27-9539-B426DC98230F}.Release|x86.ActiveCfg = Release|Win32
		{E9EED422-7049-4C27-9539-B426DC98230F}.Release|x86.Build.0 = Release|Win32
		{9DEAD430-4754-40D1-ABBB-4D28373985B3}.Debug|Any CPU.ActiveCfg = Debug|Win32
		{9DEAD430-4754-40D1-ABBB-4D28373985B3}.Debug|Any CPU.Build.0 = Debug|Win32
		{9DEAD430-4754-40D1-ABBB-4D28373985B3}.Debug|x64.ActiveCfg = Debug|x64
		{9DEAD430-4754-40D1-ABBB-4D28373985B3}.Debug|x64.Build.0 = Debug|x64
		{9DEAD430-4754-40D1-ABBB-4D28373985B3}.Debug|x86.ActiveCfg = Debug|Win32
		{9DEAD430-4754-40D1-ABBB-4D28373985B3}.Debug|x86.Build.0 = Debug|Win32
		{9DEAD430-4754-40D1-ABBB-4D28373985B3}.Release|Any CPU.ActiveCfg = Release|Win32
		{9DEAD430-4754-40D1-ABBB-4D28373985B3}.Release|Any CPU.Build.0 = Release|Win32
		{9DEAD430-4754-40D1-ABBB-4D28373985B3}.Release|x64.ActiveCfg = Release|x64
		{9DEAD430-4754-40D1-ABBB-4D28373985B3}.Release|x64.Build.0 = Release|x64
		{9DEAD430-4754-40D1-ABBB-4D28373985B3}.Release|x86.ActiveCfg = Release|Win32
		{9DEAD430-4754-40D1-ABBB-4D28373985B3}.Release|x86.Build.0 = Release|Win32
	EndGlobalSection
	GlobalSection(SolutionProperties) = preSolution
		HideSolutionNode = FALSE
	EndGlobalSection
EndGlobal
